
Microsoft Visual Studio Solution File, Format Version 12.00
# Visual Studio 15
VisualStudioVersion = 15.0.27130.2036
MinimumVisualStudioVersion = 10.0.40219.1
Project("{FAE04EC0-301F-11D3-BF4B-00C04F79EFBC}") = "CarRental.Data", "CarRental.Data\CarRental.Data.csproj", "{B891EA39-196F-485E-BA71-D092100C5F0A}"
EndProject
Project("{FAE04EC0-301F-11D3-BF4B-00C04F79EFBC}") = "CarRental.Domain", "CarRental.Domain\CarRental.Domain.csproj", "{7DC54934-5EB1-472E-A726-E11B50B11EC7}"
EndProject
Project("{FAE04EC0-301F-11D3-BF4B-00C04F79EFBC}") = "CarRental.BusinessLogic", "CarRental.BusinessLogic\CarRental.BusinessLogic.csproj", "{7AF6F83D-2F9B-413F-B5DE-3FCF7BCCB14C}"
EndProject
Project("{FAE04EC0-301F-11D3-BF4B-00C04F79EFBC}") = "CarRentalService", "CarRentalService\CarRentalService.csproj", "{A9776D6E-6782-4260-9E59-6B08F961B75D}"
EndProject
Project("{FAE04EC0-301F-11D3-BF4B-00C04F79EFBC}") = "CarRentalServiceHost", "CarRentalServiceHost\CarRentalServiceHost.csproj", "{E788E9AE-6515-474D-99C4-F61D5669C397}"
EndProject
Project("{FAE04EC0-301F-11D3-BF4B-00C04F79EFBC}") = "CarRentalRestService", "CarRentalRestService\CarRentalRestService.csproj", "{BCD4C7CF-DD85-426F-A1DC-317A01421653}"
EndProject
Global
	GlobalSection(SolutionConfigurationPlatforms) = preSolution
		Debug|Any CPU = Debug|Any CPU
		Release|Any CPU = Release|Any CPU
	EndGlobalSection
	GlobalSection(ProjectConfigurationPlatforms) = postSolution
		{B891EA39-196F-485E-BA71-D092100C5F0A}.Debug|Any CPU.ActiveCfg = Debug|Any CPU
		{B891EA39-196F-485E-BA71-D092100C5F0A}.Debug|Any CPU.Build.0 = Debug|Any CPU
		{B891EA39-196F-485E-BA71-D092100C5F0A}.Release|Any CPU.ActiveCfg = Release|Any CPU
		{B891EA39-196F-485E-BA71-D092100C5F0A}.Release|Any CPU.Build.0 = Release|Any CPU
		{7DC54934-5EB1-472E-A726-E11B50B11EC7}.Debug|Any CPU.ActiveCfg = Debug|Any CPU
		{7DC54934-5EB1-472E-A726-E11B50B11EC7}.Debug|Any CPU.Build.0 = Debug|Any CPU
		{7DC54934-5EB1-472E-A726-E11B50B11EC7}.Release|Any CPU.ActiveCfg = Release|Any CPU
		{7DC54934-5EB1-472E-A726-E11B50B11EC7}.Release|Any CPU.Build.0 = Release|Any CPU
		{7AF6F83D-2F9B-413F-B5DE-3FCF7BCCB14C}.Debug|Any CPU.ActiveCfg = Debug|Any CPU
		{7AF6F83D-2F9B-413F-B5DE-3FCF7BCCB14C}.Debug|Any CPU.Build.0 = Debug|Any CPU
		{7AF6F83D-2F9B-413F-B5DE-3FCF7BCCB14C}.Release|Any CPU.ActiveCfg = Release|Any CPU
		{7AF6F83D-2F9B-413F-B5DE-3FCF7BCCB14C}.Release|Any CPU.Build.0 = Release|Any CPU
		{A9776D6E-6782-4260-9E59-6B08F961B75D}.Debug|Any CPU.ActiveCfg = Debug|Any CPU
		{A9776D6E-6782-4260-9E59-6B08F961B75D}.Debug|Any CPU.Build.0 = Debug|Any CPU
		{A9776D6E-6782-4260-9E59-6B08F961B75D}.Release|Any CPU.ActiveCfg = Release|Any CPU
		{A9776D6E-6782-4260-9E59-6B08F961B75D}.Release|Any CPU.Build.0 = Release|Any CPU
		{E788E9AE-6515-474D-99C4-F61D5669C397}.Debug|Any CPU.ActiveCfg = Debug|Any CPU
		{E788E9AE-6515-474D-99C4-F61D5669C397}.Debug|Any CPU.Build.0 = Debug|Any CPU
		{E788E9AE-6515-474D-99C4-F61D5669C397}.Release|Any CPU.ActiveCfg = Release|Any CPU
		{E788E9AE-6515-474D-99C4-F61D5669C397}.Release|Any CPU.Build.0 = Release|Any CPU
		{BCD4C7CF-DD85-426F-A1DC-317A01421653}.Debug|Any CPU.ActiveCfg = Debug|Any CPU
		{BCD4C7CF-DD85-426F-A1DC-317A01421653}.Debug|Any CPU.Build.0 = Debug|Any CPU
		{BCD4C7CF-DD85-426F-A1DC-317A01421653}.Release|Any CPU.ActiveCfg = Release|Any CPU
		{BCD4C7CF-DD85-426F-A1DC-317A01421653}.Release|Any CPU.Build.0 = Release|Any CPU
	EndGlobalSection
	GlobalSection(SolutionProperties) = preSolution
		HideSolutionNode = FALSE
	EndGlobalSection
	GlobalSection(ExtensibilityGlobals) = postSolution
		SolutionGuid = {74F8FF3D-C4BE-4B9A-B68F-E7BA06E2F9B9}
	EndGlobalSection
EndGlobal
