
Microsoft Visual Studio Solution File, Format Version 12.00
# Visual Studio 15
VisualStudioVersion = 15.0.27428.2037
MinimumVisualStudioVersion = 10.0.40219.1
Project("{FAE04EC0-301F-11D3-BF4B-00C04F79EFBC}") = "CarRentalWinFormClient", "CarRentalWinFormClient\CarRentalWinFormClient.csproj", "{61BF00F4-BFC6-4D9A-87F3-876DA069AAE6}"
EndProject
Global
	GlobalSection(SolutionConfigurationPlatforms) = preSolution
		Debug|Any CPU = Debug|Any CPU
		Release|Any CPU = Release|Any CPU
	EndGlobalSection
	GlobalSection(ProjectConfigurationPlatforms) = postSolution
		{61BF00F4-BFC6-4D9A-87F3-876DA069AAE6}.Debug|Any CPU.ActiveCfg = Debug|Any CPU
		{61BF00F4-BFC6-4D9A-87F3-876DA069AAE6}.Debug|Any CPU.Build.0 = Debug|Any CPU
		{61BF00F4-BFC6-4D9A-87F3-876DA069AAE6}.Release|Any CPU.ActiveCfg = Release|Any CPU
		{61BF00F4-BFC6-4D9A-87F3-876DA069AAE6}.Release|Any CPU.Build.0 = Release|Any CPU
	EndGlobalSection
	GlobalSection(SolutionProperties) = preSolution
		HideSolutionNode = FALSE
	EndGlobalSection
	GlobalSection(ExtensibilityGlobals) = postSolution
		SolutionGuid = {3DC969B0-EE35-43EB-804A-69DEA3B4CF30}
	EndGlobalSection
EndGlobal
